// !$*UTF8*$!
{
	archiveVersion = 1;
	classes = {
	};
	objectVersion = 56;
	objects = {

/* Begin PBXBuildFile section */
		0849C75E2B63BC5D00D64E61 /* GoogleService-Info.plist in Resources */ = {isa = PBXBuildFile; fileRef = 0849C75D2B63BC5D00D64E61 /* GoogleService-Info.plist */; };
		0849C7622B63C2FD00D64E61 /* ListView.swift in Sources */ = {isa = PBXBuildFile; fileRef = 0849C7612B63C2FD00D64E61 /* ListView.swift */; };
		0849C7642B63C63E00D64E61 /* DataManager.swift in Sources */ = {isa = PBXBuildFile; fileRef = 0849C7632B63C63E00D64E61 /* DataManager.swift */; };
		0849C7682B63C69700D64E61 /* DataType.swift in Sources */ = {isa = PBXBuildFile; fileRef = 0849C7672B63C69700D64E61 /* DataType.swift */; };
		08A142572B638FB200802989 /* FirebaseAnalytics in Frameworks */ = {isa = PBXBuildFile; productRef = 08A142562B638FB200802989 /* FirebaseAnalytics */; };
		08A142592B638FB200802989 /* FirebaseAnalyticsOnDeviceConversion in Frameworks */ = {isa = PBXBuildFile; productRef = 08A142582B638FB200802989 /* FirebaseAnalyticsOnDeviceConversion */; };
		08A1425B2B638FB200802989 /* FirebaseAnalyticsSwift in Frameworks */ = {isa = PBXBuildFile; productRef = 08A1425A2B638FB200802989 /* FirebaseAnalyticsSwift */; };
		08A1425D2B638FB200802989 /* FirebaseAnalyticsWithoutAdIdSupport in Frameworks */ = {isa = PBXBuildFile; productRef = 08A1425C2B638FB200802989 /* FirebaseAnalyticsWithoutAdIdSupport */; };
		08A1425F2B638FB200802989 /* FirebaseAppCheck in Frameworks */ = {isa = PBXBuildFile; productRef = 08A1425E2B638FB200802989 /* FirebaseAppCheck */; };
		08A142612B638FB200802989 /* FirebaseAppDistribution-Beta in Frameworks */ = {isa = PBXBuildFile; productRef = 08A142602B638FB200802989 /* FirebaseAppDistribution-Beta */; };
		08A142632B638FB200802989 /* FirebaseAuth in Frameworks */ = {isa = PBXBuildFile; productRef = 08A142622B638FB200802989 /* FirebaseAuth */; };
		08A142652B638FB200802989 /* FirebaseAuthCombine-Community in Frameworks */ = {isa = PBXBuildFile; productRef = 08A142642B638FB200802989 /* FirebaseAuthCombine-Community */; };
		08A142672B638FB200802989 /* FirebaseCrashlytics in Frameworks */ = {isa = PBXBuildFile; productRef = 08A142662B638FB200802989 /* FirebaseCrashlytics */; };
		08A142692B638FB200802989 /* FirebaseDatabase in Frameworks */ = {isa = PBXBuildFile; productRef = 08A142682B638FB200802989 /* FirebaseDatabase */; };
		08A1426B2B638FB200802989 /* FirebaseDatabaseSwift in Frameworks */ = {isa = PBXBuildFile; productRef = 08A1426A2B638FB200802989 /* FirebaseDatabaseSwift */; };
		08A1426D2B638FB200802989 /* FirebaseDynamicLinks in Frameworks */ = {isa = PBXBuildFile; productRef = 08A1426C2B638FB200802989 /* FirebaseDynamicLinks */; };
		08A1426F2B638FB200802989 /* FirebaseFirestore in Frameworks */ = {isa = PBXBuildFile; productRef = 08A1426E2B638FB200802989 /* FirebaseFirestore */; };
		08A142712B638FB200802989 /* FirebaseFirestoreCombine-Community in Frameworks */ = {isa = PBXBuildFile; productRef = 08A142702B638FB200802989 /* FirebaseFirestoreCombine-Community */; };
		08A142732B638FB200802989 /* FirebaseFirestoreSwift in Frameworks */ = {isa = PBXBuildFile; productRef = 08A142722B638FB200802989 /* FirebaseFirestoreSwift */; };
		08A142752B638FB200802989 /* FirebaseFunctions in Frameworks */ = {isa = PBXBuildFile; productRef = 08A142742B638FB200802989 /* FirebaseFunctions */; };
		08A142772B638FB200802989 /* FirebaseFunctionsCombine-Community in Frameworks */ = {isa = PBXBuildFile; productRef = 08A142762B638FB200802989 /* FirebaseFunctionsCombine-Community */; };
		08A142792B638FB200802989 /* FirebaseInAppMessaging-Beta in Frameworks */ = {isa = PBXBuildFile; productRef = 08A142782B638FB200802989 /* FirebaseInAppMessaging-Beta */; };
		08A1427B2B638FB200802989 /* FirebaseInAppMessagingSwift-Beta in Frameworks */ = {isa = PBXBuildFile; productRef = 08A1427A2B638FB200802989 /* FirebaseInAppMessagingSwift-Beta */; };
		08A1427D2B638FB200802989 /* FirebaseInstallations in Frameworks */ = {isa = PBXBuildFile; productRef = 08A1427C2B638FB200802989 /* FirebaseInstallations */; };
		08A1427F2B638FB200802989 /* FirebaseMLModelDownloader in Frameworks */ = {isa = PBXBuildFile; productRef = 08A1427E2B638FB200802989 /* FirebaseMLModelDownloader */; };
		08A142812B638FB200802989 /* FirebaseMessaging in Frameworks */ = {isa = PBXBuildFile; productRef = 08A142802B638FB200802989 /* FirebaseMessaging */; };
		08A142832B638FB200802989 /* FirebasePerformance in Frameworks */ = {isa = PBXBuildFile; productRef = 08A142822B638FB200802989 /* FirebasePerformance */; };
		08A142852B638FB200802989 /* FirebaseRemoteConfig in Frameworks */ = {isa = PBXBuildFile; productRef = 08A142842B638FB200802989 /* FirebaseRemoteConfig */; };
		08A142872B638FB200802989 /* FirebaseRemoteConfigSwift in Frameworks */ = {isa = PBXBuildFile; productRef = 08A142862B638FB200802989 /* FirebaseRemoteConfigSwift */; };
		08A142892B638FB200802989 /* FirebaseStorage in Frameworks */ = {isa = PBXBuildFile; productRef = 08A142882B638FB200802989 /* FirebaseStorage */; };
		08A1428B2B638FB200802989 /* FirebaseStorageCombine-Community in Frameworks */ = {isa = PBXBuildFile; productRef = 08A1428A2B638FB200802989 /* FirebaseStorageCombine-Community */; };
		08CDBB7A2B643B890053739F /* NewMed.swift in Sources */ = {isa = PBXBuildFile; fileRef = 08CDBB792B643B890053739F /* NewMed.swift */; };
		08D375FE2B63704100423E16 /* Dose_DeckApp.swift in Sources */ = {isa = PBXBuildFile; fileRef = 08D375FD2B63704100423E16 /* Dose_DeckApp.swift */; };
		08D376002B63704100423E16 /* ContentView.swift in Sources */ = {isa = PBXBuildFile; fileRef = 08D375FF2B63704100423E16 /* ContentView.swift */; };
		08D376022B63704200423E16 /* Assets.xcassets in Resources */ = {isa = PBXBuildFile; fileRef = 08D376012B63704200423E16 /* Assets.xcassets */; };
		08D376052B63704200423E16 /* Preview Assets.xcassets in Resources */ = {isa = PBXBuildFile; fileRef = 08D376042B63704200423E16 /* Preview Assets.xcassets */; };
/* End PBXBuildFile section */

/* Begin PBXFileReference section */
		0849C75D2B63BC5D00D64E61 /* GoogleService-Info.plist */ = {isa = PBXFileReference; fileEncoding = 4; lastKnownFileType = text.plist.xml; path = "GoogleService-Info.plist"; sourceTree = "<group>"; };
		0849C7612B63C2FD00D64E61 /* ListView.swift */ = {isa = PBXFileReference; lastKnownFileType = sourcecode.swift; path = ListView.swift; sourceTree = "<group>"; };
		0849C7632B63C63E00D64E61 /* DataManager.swift */ = {isa = PBXFileReference; lastKnownFileType = sourcecode.swift; path = DataManager.swift; sourceTree = "<group>"; };
		0849C7672B63C69700D64E61 /* DataType.swift */ = {isa = PBXFileReference; lastKnownFileType = sourcecode.swift; path = DataType.swift; sourceTree = "<group>"; };
		08CDBB792B643B890053739F /* NewMed.swift */ = {isa = PBXFileReference; fileEncoding = 4; lastKnownFileType = sourcecode.swift; path = NewMed.swift; sourceTree = "<group>"; };
		08D375FA2B63704100423E16 /* Dose Deck.app */ = {isa = PBXFileReference; explicitFileType = wrapper.application; includeInIndex = 0; path = "Dose Deck.app"; sourceTree = BUILT_PRODUCTS_DIR; };
		08D375FD2B63704100423E16 /* Dose_DeckApp.swift */ = {isa = PBXFileReference; lastKnownFileType = sourcecode.swift; path = Dose_DeckApp.swift; sourceTree = "<group>"; };
		08D375FF2B63704100423E16 /* ContentView.swift */ = {isa = PBXFileReference; lastKnownFileType = sourcecode.swift; path = ContentView.swift; sourceTree = "<group>"; };
		08D376012B63704200423E16 /* Assets.xcassets */ = {isa = PBXFileReference; lastKnownFileType = folder.assetcatalog; path = Assets.xcassets; sourceTree = "<group>"; };
		08D376042B63704200423E16 /* Preview Assets.xcassets */ = {isa = PBXFileReference; lastKnownFileType = folder.assetcatalog; path = "Preview Assets.xcassets"; sourceTree = "<group>"; };
/* End PBXFileReference section */

/* Begin PBXFrameworksBuildPhase section */
		08D375F72B63704100423E16 /* Frameworks */ = {
			isa = PBXFrameworksBuildPhase;
			buildActionMask = 2147483647;
			files = (
				08A142692B638FB200802989 /* FirebaseDatabase in Frameworks */,
				08A142772B638FB200802989 /* FirebaseFunctionsCombine-Community in Frameworks */,
				08A1426F2B638FB200802989 /* FirebaseFirestore in Frameworks */,
				08A1425B2B638FB200802989 /* FirebaseAnalyticsSwift in Frameworks */,
				08A142572B638FB200802989 /* FirebaseAnalytics in Frameworks */,
				08A142592B638FB200802989 /* FirebaseAnalyticsOnDeviceConversion in Frameworks */,
				08A1427F2B638FB200802989 /* FirebaseMLModelDownloader in Frameworks */,
				08A142732B638FB200802989 /* FirebaseFirestoreSwift in Frameworks */,
				08A1425F2B638FB200802989 /* FirebaseAppCheck in Frameworks */,
				08A1425D2B638FB200802989 /* FirebaseAnalyticsWithoutAdIdSupport in Frameworks */,
				08A142632B638FB200802989 /* FirebaseAuth in Frameworks */,
				08A142672B638FB200802989 /* FirebaseCrashlytics in Frameworks */,
				08A142872B638FB200802989 /* FirebaseRemoteConfigSwift in Frameworks */,
				08A142792B638FB200802989 /* FirebaseInAppMessaging-Beta in Frameworks */,
				08A1426B2B638FB200802989 /* FirebaseDatabaseSwift in Frameworks */,
				08A142752B638FB200802989 /* FirebaseFunctions in Frameworks */,
				08A1428B2B638FB200802989 /* FirebaseStorageCombine-Community in Frameworks */,
				08A142852B638FB200802989 /* FirebaseRemoteConfig in Frameworks */,
				08A142612B638FB200802989 /* FirebaseAppDistribution-Beta in Frameworks */,
				08A142652B638FB200802989 /* FirebaseAuthCombine-Community in Frameworks */,
				08A142832B638FB200802989 /* FirebasePerformance in Frameworks */,
				08A1427B2B638FB200802989 /* FirebaseInAppMessagingSwift-Beta in Frameworks */,
				08A142892B638FB200802989 /* FirebaseStorage in Frameworks */,
				08A1426D2B638FB200802989 /* FirebaseDynamicLinks in Frameworks */,
				08A142712B638FB200802989 /* FirebaseFirestoreCombine-Community in Frameworks */,
				08A142812B638FB200802989 /* FirebaseMessaging in Frameworks */,
				08A1427D2B638FB200802989 /* FirebaseInstallations in Frameworks */,
			);
			runOnlyForDeploymentPostprocessing = 0;
		};
/* End PBXFrameworksBuildPhase section */

/* Begin PBXGroup section */
		08D375F12B63704000423E16 = {
			isa = PBXGroup;
			children = (
				08D375FC2B63704100423E16 /* Dose Deck */,
				08D375FB2B63704100423E16 /* Products */,
			);
			sourceTree = "<group>";
		};
		08D375FB2B63704100423E16 /* Products */ = {
			isa = PBXGroup;
			children = (
				08D375FA2B63704100423E16 /* Dose Deck.app */,
			);
			name = Products;
			sourceTree = "<group>";
		};
		08D375FC2B63704100423E16 /* Dose Deck */ = {
			isa = PBXGroup;
			children = (
				08D375FD2B63704100423E16 /* Dose_DeckApp.swift */,
				08D375FF2B63704100423E16 /* ContentView.swift */,
				0849C7612B63C2FD00D64E61 /* ListView.swift */,
				0849C7632B63C63E00D64E61 /* DataManager.swift */,
				08CDBB792B643B890053739F /* NewMed.swift */,
				0849C7672B63C69700D64E61 /* DataType.swift */,
				0849C75D2B63BC5D00D64E61 /* GoogleService-Info.plist */,
				08D376012B63704200423E16 /* Assets.xcassets */,
				08D376032B63704200423E16 /* Preview Content */,
			);
			path = "Dose Deck";
			sourceTree = "<group>";
		};
		08D376032B63704200423E16 /* Preview Content */ = {
			isa = PBXGroup;
			children = (
				08D376042B63704200423E16 /* Preview Assets.xcassets */,
			);
			path = "Preview Content";
			sourceTree = "<group>";
		};
/* End PBXGroup section */

/* Begin PBXNativeTarget section */
		08D375F92B63704100423E16 /* Dose Deck */ = {
			isa = PBXNativeTarget;
			buildConfigurationList = 08D376082B63704200423E16 /* Build configuration list for PBXNativeTarget "Dose Deck" */;
			buildPhases = (
				08D375F62B63704100423E16 /* Sources */,
				08D375F72B63704100423E16 /* Frameworks */,
				08D375F82B63704100423E16 /* Resources */,
			);
			buildRules = (
			);
			dependencies = (
			);
			name = "Dose Deck";
			packageProductDependencies = (
				08A142562B638FB200802989 /* FirebaseAnalytics */,
				08A142582B638FB200802989 /* FirebaseAnalyticsOnDeviceConversion */,
				08A1425A2B638FB200802989 /* FirebaseAnalyticsSwift */,
				08A1425C2B638FB200802989 /* FirebaseAnalyticsWithoutAdIdSupport */,
				08A1425E2B638FB200802989 /* FirebaseAppCheck */,
				08A142602B638FB200802989 /* FirebaseAppDistribution-Beta */,
				08A142622B638FB200802989 /* FirebaseAuth */,
				08A142642B638FB200802989 /* FirebaseAuthCombine-Community */,
				08A142662B638FB200802989 /* FirebaseCrashlytics */,
				08A142682B638FB200802989 /* FirebaseDatabase */,
				08A1426A2B638FB200802989 /* FirebaseDatabaseSwift */,
				08A1426C2B638FB200802989 /* FirebaseDynamicLinks */,
				08A1426E2B638FB200802989 /* FirebaseFirestore */,
				08A142702B638FB200802989 /* FirebaseFirestoreCombine-Community */,
				08A142722B638FB200802989 /* FirebaseFirestoreSwift */,
				08A142742B638FB200802989 /* FirebaseFunctions */,
				08A142762B638FB200802989 /* FirebaseFunctionsCombine-Community */,
				08A142782B638FB200802989 /* FirebaseInAppMessaging-Beta */,
				08A1427A2B638FB200802989 /* FirebaseInAppMessagingSwift-Beta */,
				08A1427C2B638FB200802989 /* FirebaseInstallations */,
				08A1427E2B638FB200802989 /* FirebaseMLModelDownloader */,
				08A142802B638FB200802989 /* FirebaseMessaging */,
				08A142822B638FB200802989 /* FirebasePerformance */,
				08A142842B638FB200802989 /* FirebaseRemoteConfig */,
				08A142862B638FB200802989 /* FirebaseRemoteConfigSwift */,
				08A142882B638FB200802989 /* FirebaseStorage */,
				08A1428A2B638FB200802989 /* FirebaseStorageCombine-Community */,
			);
			productName = "Dose Deck";
			productReference = 08D375FA2B63704100423E16 /* Dose Deck.app */;
			productType = "com.apple.product-type.application";
		};
/* End PBXNativeTarget section */

/* Begin PBXProject section */
		08D375F22B63704000423E16 /* Project object */ = {
			isa = PBXProject;
			attributes = {
				BuildIndependentTargetsInParallel = 1;
				LastSwiftUpdateCheck = 1520;
				LastUpgradeCheck = 1520;
				TargetAttributes = {
					08D375F92B63704100423E16 = {
						CreatedOnToolsVersion = 15.2;
					};
				};
			};
			buildConfigurationList = 08D375F52B63704000423E16 /* Build configuration list for PBXProject "Dose Deck" */;
			compatibilityVersion = "Xcode 14.0";
			developmentRegion = en;
			hasScannedForEncodings = 0;
			knownRegions = (
				en,
				Base,
			);
			mainGroup = 08D375F12B63704000423E16;
			packageReferences = (
				08A142552B638FB200802989 /* XCRemoteSwiftPackageReference "firebase-ios-sdk" */,
			);
			productRefGroup = 08D375FB2B63704100423E16 /* Products */;
			projectDirPath = "";
			projectRoot = "";
			targets = (
				08D375F92B63704100423E16 /* Dose Deck */,
			);
		};
/* End PBXProject section */

/* Begin PBXResourcesBuildPhase section */
		08D375F82B63704100423E16 /* Resources */ = {
			isa = PBXResourcesBuildPhase;
			buildActionMask = 2147483647;
			files = (
				08D376052B63704200423E16 /* Preview Assets.xcassets in Resources */,
				08D376022B63704200423E16 /* Assets.xcassets in Resources */,
				0849C75E2B63BC5D00D64E61 /* GoogleService-Info.plist in Resources */,
			);
			runOnlyForDeploymentPostprocessing = 0;
		};
/* End PBXResourcesBuildPhase section */

/* Begin PBXSourcesBuildPhase section */
		08D375F62B63704100423E16 /* Sources */ = {
			isa = PBXSourcesBuildPhase;
			buildActionMask = 2147483647;
			files = (
				08D376002B63704100423E16 /* ContentView.swift in Sources */,
				0849C7682B63C69700D64E61 /* DataType.swift in Sources */,
				08D375FE2B63704100423E16 /* Dose_DeckApp.swift in Sources */,
				08CDBB7A2B643B890053739F /* NewMed.swift in Sources */,
				0849C7622B63C2FD00D64E61 /* ListView.swift in Sources */,
				0849C7642B63C63E00D64E61 /* DataManager.swift in Sources */,
			);
			runOnlyForDeploymentPostprocessing = 0;
		};
/* End PBXSourcesBuildPhase section */

/* Begin XCBuildConfiguration section */
		08D376062B63704200423E16 /* Debug */ = {
			isa = XCBuildConfiguration;
			buildSettings = {
				ALWAYS_SEARCH_USER_PATHS = NO;
				ASSETCATALOG_COMPILER_GENERATE_SWIFT_ASSET_SYMBOL_EXTENSIONS = YES;
				CLANG_ANALYZER_NONNULL = YES;
				CLANG_ANALYZER_NUMBER_OBJECT_CONVERSION = YES_AGGRESSIVE;
				CLANG_CXX_LANGUAGE_STANDARD = "gnu++20";
				CLANG_ENABLE_MODULES = YES;
				CLANG_ENABLE_OBJC_ARC = YES;
				CLANG_ENABLE_OBJC_WEAK = YES;
				CLANG_WARN_BLOCK_CAPTURE_AUTORELEASING = YES;
				CLANG_WARN_BOOL_CONVERSION = YES;
				CLANG_WARN_COMMA = YES;
				CLANG_WARN_CONSTANT_CONVERSION = YES;
				CLANG_WARN_DEPRECATED_OBJC_IMPLEMENTATIONS = YES;
				CLANG_WARN_DIRECT_OBJC_ISA_USAGE = YES_ERROR;
				CLANG_WARN_DOCUMENTATION_COMMENTS = YES;
				CLANG_WARN_EMPTY_BODY = YES;
				CLANG_WARN_ENUM_CONVERSION = YES;
				CLANG_WARN_INFINITE_RECURSION = YES;
				CLANG_WARN_INT_CONVERSION = YES;
				CLANG_WARN_NON_LITERAL_NULL_CONVERSION = YES;
				CLANG_WARN_OBJC_IMPLICIT_RETAIN_SELF = YES;
				CLANG_WARN_OBJC_LITERAL_CONVERSION = YES;
				CLANG_WARN_OBJC_ROOT_CLASS = YES_ERROR;
				CLANG_WARN_QUOTED_INCLUDE_IN_FRAMEWORK_HEADER = YES;
				CLANG_WARN_RANGE_LOOP_ANALYSIS = YES;
				CLANG_WARN_STRICT_PROTOTYPES = YES;
				CLANG_WARN_SUSPICIOUS_MOVE = YES;
				CLANG_WARN_UNGUARDED_AVAILABILITY = YES_AGGRESSIVE;
				CLANG_WARN_UNREACHABLE_CODE = YES;
				CLANG_WARN__DUPLICATE_METHOD_MATCH = YES;
				COPY_PHASE_STRIP = NO;
				DEBUG_INFORMATION_FORMAT = dwarf;
				ENABLE_STRICT_OBJC_MSGSEND = YES;
				ENABLE_TESTABILITY = YES;
				ENABLE_USER_SCRIPT_SANDBOXING = YES;
				GCC_C_LANGUAGE_STANDARD = gnu17;
				GCC_DYNAMIC_NO_PIC = NO;
				GCC_NO_COMMON_BLOCKS = YES;
				GCC_OPTIMIZATION_LEVEL = 0;
				GCC_PREPROCESSOR_DEFINITIONS = (
					"DEBUG=1",
					"$(inherited)",
				);
				GCC_WARN_64_TO_32_BIT_CONVERSION = YES;
				GCC_WARN_ABOUT_RETURN_TYPE = YES_ERROR;
				GCC_WARN_UNDECLARED_SELECTOR = YES;
				GCC_WARN_UNINITIALIZED_AUTOS = YES_AGGRESSIVE;
				GCC_WARN_UNUSED_FUNCTION = YES;
				GCC_WARN_UNUSED_VARIABLE = YES;
				IPHONEOS_DEPLOYMENT_TARGET = 17.2;
				LOCALIZATION_PREFERS_STRING_CATALOGS = YES;
				MTL_ENABLE_DEBUG_INFO = INCLUDE_SOURCE;
				MTL_FAST_MATH = YES;
				ONLY_ACTIVE_ARCH = YES;
				SDKROOT = iphoneos;
				SWIFT_ACTIVE_COMPILATION_CONDITIONS = "DEBUG $(inherited)";
				SWIFT_OPTIMIZATION_LEVEL = "-Onone";
			};
			name = Debug;
		};
		08D376072B63704200423E16 /* Release */ = {
			isa = XCBuildConfiguration;
			buildSettings = {
				ALWAYS_SEARCH_USER_PATHS = NO;
				ASSETCATALOG_COMPILER_GENERATE_SWIFT_ASSET_SYMBOL_EXTENSIONS = YES;
				CLANG_ANALYZER_NONNULL = YES;
				CLANG_ANALYZER_NUMBER_OBJECT_CONVERSION = YES_AGGRESSIVE;
				CLANG_CXX_LANGUAGE_STANDARD = "gnu++20";
				CLANG_ENABLE_MODULES = YES;
				CLANG_ENABLE_OBJC_ARC = YES;
				CLANG_ENABLE_OBJC_WEAK = YES;
				CLANG_WARN_BLOCK_CAPTURE_AUTORELEASING = YES;
				CLANG_WARN_BOOL_CONVERSION = YES;
				CLANG_WARN_COMMA = YES;
				CLANG_WARN_CONSTANT_CONVERSION = YES;
				CLANG_WARN_DEPRECATED_OBJC_IMPLEMENTATIONS = YES;
				CLANG_WARN_DIRECT_OBJC_ISA_USAGE = YES_ERROR;
				CLANG_WARN_DOCUMENTATION_COMMENTS = YES;
				CLANG_WARN_EMPTY_BODY = YES;
				CLANG_WARN_ENUM_CONVERSION = YES;
				CLANG_WARN_INFINITE_RECURSION = YES;
				CLANG_WARN_INT_CONVERSION = YES;
				CLANG_WARN_NON_LITERAL_NULL_CONVERSION = YES;
				CLANG_WARN_OBJC_IMPLICIT_RETAIN_SELF = YES;
				CLANG_WARN_OBJC_LITERAL_CONVERSION = YES;
				CLANG_WARN_OBJC_ROOT_CLASS = YES_ERROR;
				CLANG_WARN_QUOTED_INCLUDE_IN_FRAMEWORK_HEADER = YES;
				CLANG_WARN_RANGE_LOOP_ANALYSIS = YES;
				CLANG_WARN_STRICT_PROTOTYPES = YES;
				CLANG_WARN_SUSPICIOUS_MOVE = YES;
				CLANG_WARN_UNGUARDED_AVAILABILITY = YES_AGGRESSIVE;
				CLANG_WARN_UNREACHABLE_CODE = YES;
				CLANG_WARN__DUPLICATE_METHOD_MATCH = YES;
				COPY_PHASE_STRIP = NO;
				DEBUG_INFORMATION_FORMAT = "dwarf-with-dsym";
				ENABLE_NS_ASSERTIONS = NO;
				ENABLE_STRICT_OBJC_MSGSEND = YES;
				ENABLE_USER_SCRIPT_SANDBOXING = YES;
				GCC_C_LANGUAGE_STANDARD = gnu17;
				GCC_NO_COMMON_BLOCKS = YES;
				GCC_WARN_64_TO_32_BIT_CONVERSION = YES;
				GCC_WARN_ABOUT_RETURN_TYPE = YES_ERROR;
				GCC_WARN_UNDECLARED_SELECTOR = YES;
				GCC_WARN_UNINITIALIZED_AUTOS = YES_AGGRESSIVE;
				GCC_WARN_UNUSED_FUNCTION = YES;
				GCC_WARN_UNUSED_VARIABLE = YES;
				IPHONEOS_DEPLOYMENT_TARGET = 17.2;
				LOCALIZATION_PREFERS_STRING_CATALOGS = YES;
				MTL_ENABLE_DEBUG_INFO = NO;
				MTL_FAST_MATH = YES;
				SDKROOT = iphoneos;
				SWIFT_COMPILATION_MODE = wholemodule;
				VALIDATE_PRODUCT = YES;
			};
			name = Release;
		};
		08D376092B63704200423E16 /* Debug */ = {
			isa = XCBuildConfiguration;
			buildSettings = {
				ASSETCATALOG_COMPILER_APPICON_NAME = AppIcon;
				ASSETCATALOG_COMPILER_GLOBAL_ACCENT_COLOR_NAME = AccentColor;
				ASSETCATALOG_COMPILER_INCLUDE_ALL_APPICON_ASSETS = NO;
				CODE_SIGN_STYLE = Automatic;
				CURRENT_PROJECT_VERSION = 1;
				DEVELOPMENT_ASSET_PATHS = "\"Dose Deck/Preview Content\"";
				DEVELOPMENT_TEAM = 274763UR88;
				ENABLE_PREVIEWS = YES;
				GENERATE_INFOPLIST_FILE = YES;
				INFOPLIST_KEY_UIApplicationSceneManifest_Generation = YES;
				INFOPLIST_KEY_UIApplicationSupportsIndirectInputEvents = YES;
				INFOPLIST_KEY_UILaunchScreen_Generation = YES;
				INFOPLIST_KEY_UISupportedInterfaceOrientations_iPad = "UIInterfaceOrientationPortrait UIInterfaceOrientationPortraitUpsideDown UIInterfaceOrientationLandscapeLeft UIInterfaceOrientationLandscapeRight";
				INFOPLIST_KEY_UISupportedInterfaceOrientations_iPhone = "UIInterfaceOrientationPortrait UIInterfaceOrientationLandscapeLeft UIInterfaceOrientationLandscapeRight";
				LD_RUNPATH_SEARCH_PATHS = (
					"$(inherited)",
					"@executable_path/Frameworks",
				);
				MARKETING_VERSION = 1.0;
				PRODUCT_BUNDLE_IDENTIFIER = "Tartej.Dose-Deck";
				PRODUCT_NAME = "$(TARGET_NAME)";
				SWIFT_EMIT_LOC_STRINGS = YES;
				SWIFT_VERSION = 5.0;
				TARGETED_DEVICE_FAMILY = "1,2";
			};
			name = Debug;
		};
		08D3760A2B63704200423E16 /* Release */ = {
			isa = XCBuildConfiguration;
			buildSettings = {
				ASSETCATALOG_COMPILER_APPICON_NAME = AppIcon;
				ASSETCATALOG_COMPILER_GLOBAL_ACCENT_COLOR_NAME = AccentColor;
				ASSETCATALOG_COMPILER_INCLUDE_ALL_APPICON_ASSETS = NO;
				CODE_SIGN_STYLE = Automatic;
				CURRENT_PROJECT_VERSION = 1;
				DEVELOPMENT_ASSET_PATHS = "\"Dose Deck/Preview Content\"";
				DEVELOPMENT_TEAM = 274763UR88;
				ENABLE_PREVIEWS = YES;
				GENERATE_INFOPLIST_FILE = YES;
				INFOPLIST_KEY_UIApplicationSceneManifest_Generation = YES;
				INFOPLIST_KEY_UIApplicationSupportsIndirectInputEvents = YES;
				INFOPLIST_KEY_UILaunchScreen_Generation = YES;
				INFOPLIST_KEY_UISupportedInterfaceOrientations_iPad = "UIInterfaceOrientationPortrait UIInterfaceOrientationPortraitUpsideDown UIInterfaceOrientationLandscapeLeft UIInterfaceOrientationLandscapeRight";
				INFOPLIST_KEY_UISupportedInterfaceOrientations_iPhone = "UIInterfaceOrientationPortrait UIInterfaceOrientationLandscapeLeft UIInterfaceOrientationLandscapeRight";
				LD_RUNPATH_SEARCH_PATHS = (
					"$(inherited)",
					"@executable_path/Frameworks",
				);
				MARKETING_VERSION = 1.0;
				PRODUCT_BUNDLE_IDENTIFIER = "Tartej.Dose-Deck";
				PRODUCT_NAME = "$(TARGET_NAME)";
				SWIFT_EMIT_LOC_STRINGS = YES;
				SWIFT_VERSION = 5.0;
				TARGETED_DEVICE_FAMILY = "1,2";
			};
			name = Release;
		};
/* End XCBuildConfiguration section */

/* Begin XCConfigurationList section */
		08D375F52B63704000423E16 /* Build configuration list for PBXProject "Dose Deck" */ = {
			isa = XCConfigurationList;
			buildConfigurations = (
				08D376062B63704200423E16 /* Debug */,
				08D376072B63704200423E16 /* Release */,
			);
			defaultConfigurationIsVisible = 0;
			defaultConfigurationName = Release;
		};
		08D376082B63704200423E16 /* Build configuration list for PBXNativeTarget "Dose Deck" */ = {
			isa = XCConfigurationList;
			buildConfigurations = (
				08D376092B63704200423E16 /* Debug */,
				08D3760A2B63704200423E16 /* Release */,
			);
			defaultConfigurationIsVisible = 0;
			defaultConfigurationName = Release;
		};
/* End XCConfigurationList section */

/* Begin XCRemoteSwiftPackageReference section */
		08A142552B638FB200802989 /* XCRemoteSwiftPackageReference "firebase-ios-sdk" */ = {
			isa = XCRemoteSwiftPackageReference;
			repositoryURL = "https://github.com/firebase/firebase-ios-sdk.git";
			requirement = {
				kind = upToNextMajorVersion;
				minimumVersion = 10.20.0;
			};
		};
/* End XCRemoteSwiftPackageReference section */

/* Begin XCSwiftPackageProductDependency section */
		08A142562B638FB200802989 /* FirebaseAnalytics */ = {
			isa = XCSwiftPackageProductDependency;
			package = 08A142552B638FB200802989 /* XCRemoteSwiftPackageReference "firebase-ios-sdk" */;
			productName = FirebaseAnalytics;
		};
		08A142582B638FB200802989 /* FirebaseAnalyticsOnDeviceConversion */ = {
			isa = XCSwiftPackageProductDependency;
			package = 08A142552B638FB200802989 /* XCRemoteSwiftPackageReference "firebase-ios-sdk" */;
			productName = FirebaseAnalyticsOnDeviceConversion;
		};
		08A1425A2B638FB200802989 /* FirebaseAnalyticsSwift */ = {
			isa = XCSwiftPackageProductDependency;
			package = 08A142552B638FB200802989 /* XCRemoteSwiftPackageReference "firebase-ios-sdk" */;
			productName = FirebaseAnalyticsSwift;
		};
		08A1425C2B638FB200802989 /* FirebaseAnalyticsWithoutAdIdSupport */ = {
			isa = XCSwiftPackageProductDependency;
			package = 08A142552B638FB200802989 /* XCRemoteSwiftPackageReference "firebase-ios-sdk" */;
			productName = FirebaseAnalyticsWithoutAdIdSupport;
		};
		08A1425E2B638FB200802989 /* FirebaseAppCheck */ = {
			isa = XCSwiftPackageProductDependency;
			package = 08A142552B638FB200802989 /* XCRemoteSwiftPackageReference "firebase-ios-sdk" */;
			productName = FirebaseAppCheck;
		};
		08A142602B638FB200802989 /* FirebaseAppDistribution-Beta */ = {
			isa = XCSwiftPackageProductDependency;
			package = 08A142552B638FB200802989 /* XCRemoteSwiftPackageReference "firebase-ios-sdk" */;
			productName = "FirebaseAppDistribution-Beta";
		};
		08A142622B638FB200802989 /* FirebaseAuth */ = {
			isa = XCSwiftPackageProductDependency;
			package = 08A142552B638FB200802989 /* XCRemoteSwiftPackageReference "firebase-ios-sdk" */;
			productName = FirebaseAuth;
		};
		08A142642B638FB200802989 /* FirebaseAuthCombine-Community */ = {
			isa = XCSwiftPackageProductDependency;
			package = 08A142552B638FB200802989 /* XCRemoteSwiftPackageReference "firebase-ios-sdk" */;
			productName = "FirebaseAuthCombine-Community";
		};
		08A142662B638FB200802989 /* FirebaseCrashlytics */ = {
			isa = XCSwiftPackageProductDependency;
			package = 08A142552B638FB200802989 /* XCRemoteSwiftPackageReference "firebase-ios-sdk" */;
			productName = FirebaseCrashlytics;
		};
		08A142682B638FB200802989 /* FirebaseDatabase */ = {
			isa = XCSwiftPackageProductDependency;
			package = 08A142552B638FB200802989 /* XCRemoteSwiftPackageReference "firebase-ios-sdk" */;
			productName = FirebaseDatabase;
		};
		08A1426A2B638FB200802989 /* FirebaseDatabaseSwift */ = {
			isa = XCSwiftPackageProductDependency;
			package = 08A142552B638FB200802989 /* XCRemoteSwiftPackageReference "firebase-ios-sdk" */;
			productName = FirebaseDatabaseSwift;
		};
		08A1426C2B638FB200802989 /* FirebaseDynamicLinks */ = {
			isa = XCSwiftPackageProductDependency;
			package = 08A142552B638FB200802989 /* XCRemoteSwiftPackageReference "firebase-ios-sdk" */;
			productName = FirebaseDynamicLinks;
		};
		08A1426E2B638FB200802989 /* FirebaseFirestore */ = {
			isa = XCSwiftPackageProductDependency;
			package = 08A142552B638FB200802989 /* XCRemoteSwiftPackageReference "firebase-ios-sdk" */;
			productName = FirebaseFirestore;
		};
		08A142702B638FB200802989 /* FirebaseFirestoreCombine-Community */ = {
			isa = XCSwiftPackageProductDependency;
			package = 08A142552B638FB200802989 /* XCRemoteSwiftPackageReference "firebase-ios-sdk" */;
			productName = "FirebaseFirestoreCombine-Community";
		};
		08A142722B638FB200802989 /* FirebaseFirestoreSwift */ = {
			isa = XCSwiftPackageProductDependency;
			package = 08A142552B638FB200802989 /* XCRemoteSwiftPackageReference "firebase-ios-sdk" */;
			productName = FirebaseFirestoreSwift;
		};
		08A142742B638FB200802989 /* FirebaseFunctions */ = {
			isa = XCSwiftPackageProductDependency;
			package = 08A142552B638FB200802989 /* XCRemoteSwiftPackageReference "firebase-ios-sdk" */;
			productName = FirebaseFunctions;
		};
		08A142762B638FB200802989 /* FirebaseFunctionsCombine-Community */ = {
			isa = XCSwiftPackageProductDependency;
			package = 08A142552B638FB200802989 /* XCRemoteSwiftPackageReference "firebase-ios-sdk" */;
			productName = "FirebaseFunctionsCombine-Community";
		};
		08A142782B638FB200802989 /* FirebaseInAppMessaging-Beta */ = {
			isa = XCSwiftPackageProductDependency;
			package = 08A142552B638FB200802989 /* XCRemoteSwiftPackageReference "firebase-ios-sdk" */;
			productName = "FirebaseInAppMessaging-Beta";
		};
		08A1427A2B638FB200802989 /* FirebaseInAppMessagingSwift-Beta */ = {
			isa = XCSwiftPackageProductDependency;
			package = 08A142552B638FB200802989 /* XCRemoteSwiftPackageReference "firebase-ios-sdk" */;
			productName = "FirebaseInAppMessagingSwift-Beta";
		};
		08A1427C2B638FB200802989 /* FirebaseInstallations */ = {
			isa = XCSwiftPackageProductDependency;
			package = 08A142552B638FB200802989 /* XCRemoteSwiftPackageReference "firebase-ios-sdk" */;
			productName = FirebaseInstallations;
		};
		08A1427E2B638FB200802989 /* FirebaseMLModelDownloader */ = {
			isa = XCSwiftPackageProductDependency;
			package = 08A142552B638FB200802989 /* XCRemoteSwiftPackageReference "firebase-ios-sdk" */;
			productName = FirebaseMLModelDownloader;
		};
		08A142802B638FB200802989 /* FirebaseMessaging */ = {
			isa = XCSwiftPackageProductDependency;
			package = 08A142552B638FB200802989 /* XCRemoteSwiftPackageReference "firebase-ios-sdk" */;
			productName = FirebaseMessaging;
		};
		08A142822B638FB200802989 /* FirebasePerformance */ = {
			isa = XCSwiftPackageProductDependency;
			package = 08A142552B638FB200802989 /* XCRemoteSwiftPackageReference "firebase-ios-sdk" */;
			productName = FirebasePerformance;
		};
		08A142842B638FB200802989 /* FirebaseRemoteConfig */ = {
			isa = XCSwiftPackageProductDependency;
			package = 08A142552B638FB200802989 /* XCRemoteSwiftPackageReference "firebase-ios-sdk" */;
			productName = FirebaseRemoteConfig;
		};
		08A142862B638FB200802989 /* FirebaseRemoteConfigSwift */ = {
			isa = XCSwiftPackageProductDependency;
			package = 08A142552B638FB200802989 /* XCRemoteSwiftPackageReference "firebase-ios-sdk" */;
			productName = FirebaseRemoteConfigSwift;
		};
		08A142882B638FB200802989 /* FirebaseStorage */ = {
			isa = XCSwiftPackageProductDependency;
			package = 08A142552B638FB200802989 /* XCRemoteSwiftPackageReference "firebase-ios-sdk" */;
			productName = FirebaseStorage;
		};
		08A1428A2B638FB200802989 /* FirebaseStorageCombine-Community */ = {
			isa = XCSwiftPackageProductDependency;
			package = 08A142552B638FB200802989 /* XCRemoteSwiftPackageReference "firebase-ios-sdk" */;
			productName = "FirebaseStorageCombine-Community";
		};
/* End XCSwiftPackageProductDependency section */
	};
	rootObject = 08D375F22B63704000423E16 /* Project object */;
}
